PODS:
  - InputViews (1.0.3):
    - InputViews/AccessoryView (= 1.0.3)
    - InputViews/CollectionInputView (= 1.0.3)
    - InputViews/DatePickerInputView (= 1.0.3)
    - InputViews/NoCutPasteField (= 1.0.3)
    - InputViews/PickerInputView (= 1.0.3)
    - InputViews/TableInputView (= 1.0.3)
  - InputViews/AccessoryView (1.0.3)
  - InputViews/CollectionInputView (1.0.3)
  - InputViews/DatePickerInputView (1.0.3)
  - InputViews/NoCutPasteField (1.0.3)
  - InputViews/PickerInputView (1.0.3)
  - InputViews/TableInputView (1.0.3)

DEPENDENCIES:
  - InputViews (from `../`)

EXTERNAL SOURCES:
  InputViews:
    :path: "../"

SPEC CHECKSUMS:
  InputViews: a0bbeb733ae0510261897f072f1422dd4ff11e1a

PODFILE CHECKSUM: a2e0bf9e291bbefe92ed2d8ba7d4cef79dccd3ce

COCOAPODS: 1.6.2
